
Microsoft Visual Studio Solution File, Format Version 12.00
# Visual Studio Version 16
VisualStudioVersion = 16.0.31205.134
MinimumVisualStudioVersion = 10.0.40219.1
Project("{FAE04EC0-301F-11D3-BF4B-00C04F79EFBC}") = "ProyGym_GUI", "ProyGym_GUI\ProyGym_GUI.csproj", "{6E0E894E-E474-4DCB-A2E7-EFAEB92080E9}"
EndProject
Project("{FAE04EC0-301F-11D3-BF4B-00C04F79EFBC}") = "ProyGym_ADO", "ProyGym_ADO\ProyGym_ADO.csproj", "{BFC74D47-F9B4-4E59-AEA1-AA091043D76A}"
EndProject
Project("{FAE04EC0-301F-11D3-BF4B-00C04F79EFBC}") = "ProyGym_BE", "ProGym_BE\ProyGym_BE.csproj", "{BAB8261F-BCEC-460F-9DB9-F88D110A0859}"
EndProject
Project("{FAE04EC0-301F-11D3-BF4B-00C04F79EFBC}") = "ProyGym_BL", "ProyGym_BL\ProyGym_BL.csproj", "{FFEAC451-2089-43A1-B16D-43D0AE142CD3}"
EndProject
Global
	GlobalSection(SolutionConfigurationPlatforms) = preSolution
		Debug|Any CPU = Debug|Any CPU
		Release|Any CPU = Release|Any CPU
	EndGlobalSection
	GlobalSection(ProjectConfigurationPlatforms) = postSolution
		{6E0E894E-E474-4DCB-A2E7-EFAEB92080E9}.Debug|Any CPU.ActiveCfg = Debug|Any CPU
		{6E0E894E-E474-4DCB-A2E7-EFAEB92080E9}.Debug|Any CPU.Build.0 = Debug|Any CPU
		{6E0E894E-E474-4DCB-A2E7-EFAEB92080E9}.Release|Any CPU.ActiveCfg = Release|Any CPU
		{6E0E894E-E474-4DCB-A2E7-EFAEB92080E9}.Release|Any CPU.Build.0 = Release|Any CPU
		{BFC74D47-F9B4-4E59-AEA1-AA091043D76A}.Debug|Any CPU.ActiveCfg = Debug|Any CPU
		{BFC74D47-F9B4-4E59-AEA1-AA091043D76A}.Debug|Any CPU.Build.0 = Debug|Any CPU
		{BFC74D47-F9B4-4E59-AEA1-AA091043D76A}.Release|Any CPU.ActiveCfg = Release|Any CPU
		{BFC74D47-F9B4-4E59-AEA1-AA091043D76A}.Release|Any CPU.Build.0 = Release|Any CPU
		{BAB8261F-BCEC-460F-9DB9-F88D110A0859}.Debug|Any CPU.ActiveCfg = Debug|Any CPU
		{BAB8261F-BCEC-460F-9DB9-F88D110A0859}.Debug|Any CPU.Build.0 = Debug|Any CPU
		{BAB8261F-BCEC-460F-9DB9-F88D110A0859}.Release|Any CPU.ActiveCfg = Release|Any CPU
		{BAB8261F-BCEC-460F-9DB9-F88D110A0859}.Release|Any CPU.Build.0 = Release|Any CPU
		{FFEAC451-2089-43A1-B16D-43D0AE142CD3}.Debug|Any CPU.ActiveCfg = Debug|Any CPU
		{FFEAC451-2089-43A1-B16D-43D0AE142CD3}.Debug|Any CPU.Build.0 = Debug|Any CPU
		{FFEAC451-2089-43A1-B16D-43D0AE142CD3}.Release|Any CPU.ActiveCfg = Release|Any CPU
		{FFEAC451-2089-43A1-B16D-43D0AE142CD3}.Release|Any CPU.Build.0 = Release|Any CPU
	EndGlobalSection
	GlobalSection(SolutionProperties) = preSolution
		HideSolutionNode = FALSE
	EndGlobalSection
	GlobalSection(ExtensibilityGlobals) = postSolution
		SolutionGuid = {03E84AD6-2049-4294-A8C7-EA8926C3D027}
	EndGlobalSection
EndGlobal
